
Microsoft Visual Studio Solution File, Format Version 12.00
# Visual Studio 14
VisualStudioVersion = 14.0.25420.1
MinimumVisualStudioVersion = 10.0.40219.1
Project("{FAE04EC0-301F-11D3-BF4B-00C04F79EFBC}") = "AspNetRoutingFeatureToggle", "AspNetRoutingFeatureToggle\AspNetRoutingFeatureToggle.csproj", "{7ED90F76-FB67-4715-B491-C32F332F437E}"
EndProject
Project("{FAE04EC0-301F-11D3-BF4B-00C04F79EFBC}") = "AspNetRoutingFeatureToggle.Sample", "AspNetRoutingFeatureToggle.Sample\AspNetRoutingFeatureToggle.Sample.csproj", "{2915CD7E-2C41-4BCA-80ED-98E3A420A33C}"
EndProject
Project("{FAE04EC0-301F-11D3-BF4B-00C04F79EFBC}") = "AspNetRoutingFeatureToggle.Tests", "AspNetRoutingFeatureToggle.Tests\AspNetRoutingFeatureToggle.Tests.csproj", "{8775DB64-01FF-4429-ACA3-5B8B979E5A2D}"
EndProject
Global
	GlobalSection(SolutionConfigurationPlatforms) = preSolution
		Debug|Any CPU = Debug|Any CPU
		Release|Any CPU = Release|Any CPU
	EndGlobalSection
	GlobalSection(ProjectConfigurationPlatforms) = postSolution
		{7ED90F76-FB67-4715-B491-C32F332F437E}.Debug|Any CPU.ActiveCfg = Debug|Any CPU
		{7ED90F76-FB67-4715-B491-C32F332F437E}.Debug|Any CPU.Build.0 = Debug|Any CPU
		{7ED90F76-FB67-4715-B491-C32F332F437E}.Release|Any CPU.ActiveCfg = Release|Any CPU
		{7ED90F76-FB67-4715-B491-C32F332F437E}.Release|Any CPU.Build.0 = Release|Any CPU
		{2915CD7E-2C41-4BCA-80ED-98E3A420A33C}.Debug|Any CPU.ActiveCfg = Debug|Any CPU
		{2915CD7E-2C41-4BCA-80ED-98E3A420A33C}.Debug|Any CPU.Build.0 = Debug|Any CPU
		{2915CD7E-2C41-4BCA-80ED-98E3A420A33C}.Release|Any CPU.ActiveCfg = Release|Any CPU
		{2915CD7E-2C41-4BCA-80ED-98E3A420A33C}.Release|Any CPU.Build.0 = Release|Any CPU
		{8775DB64-01FF-4429-ACA3-5B8B979E5A2D}.Debug|Any CPU.ActiveCfg = Debug|Any CPU
		{8775DB64-01FF-4429-ACA3-5B8B979E5A2D}.Debug|Any CPU.Build.0 = Debug|Any CPU
		{8775DB64-01FF-4429-ACA3-5B8B979E5A2D}.Release|Any CPU.ActiveCfg = Release|Any CPU
		{8775DB64-01FF-4429-ACA3-5B8B979E5A2D}.Release|Any CPU.Build.0 = Release|Any CPU
	EndGlobalSection
	GlobalSection(SolutionProperties) = preSolution
		HideSolutionNode = FALSE
	EndGlobalSection
EndGlobal
